hash: 69cc80a5026e89de97d0c2e0a958244b2d3ec83cfd966963407a6526adff9cae
updated: 2017-02-08T10:10:00.778319247-05:00
imports:
- name: github.com/andybalholm/cascadia
  version: 349dd0209470eabd9514242c688c403c0926d266
- name: github.com/PuerkitoBio/fetchbot
  version: 259e93bccc058eb7cecbf2eca5f7703c8987c05f
- name: github.com/PuerkitoBio/goquery
  version: 152b1a2c8f5d0340f658bb656032a39b94e52958
- name: github.com/temoto/robotstxt-go
  version: 99f6b48954d8cafb2f10790957aa747ca7aeb530
- name: golang.org/x/net
  version: cfae461cedfdcab6e261a26eb77db53695623303
  subpackages:
  - context
  - context/ctxhttp
  - html
  - html/atom
- name: golang.org/x/sync
  version: 450f422ab23cf9881c94e2db30cac0eb1b7cf80c
  subpackages:
  - errgroup
- name: gopkg.in/olivere/elastic.v5
  version: f27a28dd68c359eb20ce5918a7d976f34c18cf03
  subpackages:
  - backoff
  - uritemplates
testImports: []
