hash: 2f06bbd590e902bb1787ff6b22bc52f87300865d516ea5396abddaec48dabe94
updated: 2017-01-16T17:26:21.81461194-05:00
imports:
- name: github.com/andybalholm/cascadia
  version: 349dd0209470eabd9514242c688c403c0926d266
- name: github.com/PuerkitoBio/fetchbot
  version: 259e93bccc058eb7cecbf2eca5f7703c8987c05f
- name: github.com/PuerkitoBio/goquery
  version: 152b1a2c8f5d0340f658bb656032a39b94e52958
- name: github.com/temoto/robotstxt-go
  version: 99f6b48954d8cafb2f10790957aa747ca7aeb530
- name: golang.org/x/net
  version: cfae461cedfdcab6e261a26eb77db53695623303
  subpackages:
  - context
  - context/ctxhttp
  - html
  - html/atom
- name: gopkg.in/olivere/elastic.v3
  version: 060365a7e27c56c938b234824ef7f9a3a7834b99
  subpackages:
  - backoff
  - uritemplates
testImports: []
